// !$*UTF8*$!
{
	archiveVersion = 1;
	classes = {
	};
	objectVersion = 50;
	objects = {

/* Begin PBXBuildFile section */
		3B39381E25010DAE00B2E64A /* AppDelegate.swift in Sources */ = {isa = PBXBuildFile; fileRef = 3B39381D25010DAE00B2E64A /* AppDelegate.swift */; };
		3B39382025010DAE00B2E64A /* SceneDelegate.swift in Sources */ = {isa = PBXBuildFile; fileRef = 3B39381F25010DAE00B2E64A /* SceneDelegate.swift */; };
		3B39382225010DAE00B2E64A /* ViewController.swift in Sources */ = {isa = PBXBuildFile; fileRef = 3B39382125010DAE00B2E64A /* ViewController.swift */; };
		3B39382525010DAE00B2E64A /* Main.storyboard in Resources */ = {isa = PBXBuildFile; fileRef = 3B39382325010DAE00B2E64A /* Main.storyboard */; };
		3B39382725010DAF00B2E64A /* Assets.xcassets in Resources */ = {isa = PBXBuildFile; fileRef = 3B39382625010DAF00B2E64A /* Assets.xcassets */; };
		3B39382A25010DAF00B2E64A /* LaunchScreen.storyboard in Resources */ = {isa = PBXBuildFile; fileRef = 3B39382825010DAF00B2E64A /* LaunchScreen.storyboard */; };
		3B39383525010DAF00B2E64A /* HelloWorldTests.swift in Sources */ = {isa = PBXBuildFile; fileRef = 3B39383425010DAF00B2E64A /* HelloWorldTests.swift */; };
		3B39384025010DAF00B2E64A /* HelloWorldUITests.swift in Sources */ = {isa = PBXBuildFile; fileRef = 3B39383F25010DAF00B2E64A /* HelloWorldUITests.swift */; };
/* End PBXBuildFile section */

/* Begin PBXContainerItemProxy section */
		3B39383125010DAF00B2E64A /* PBXContainerItemProxy */ = {
			isa = PBXContainerItemProxy;
			containerPortal = 3B39381225010DAE00B2E64A /* Project object */;
			proxyType = 1;
			remoteGlobalIDString = 3B39381925010DAE00B2E64A;
			remoteInfo = HelloWorld;
		};
		3B39383C25010DAF00B2E64A /* PBXContainerItemProxy */ = {
			isa = PBXContainerItemProxy;
			containerPortal = 3B39381225010DAE00B2E64A /* Project object */;
			proxyType = 1;
			remoteGlobalIDString = 3B39381925010DAE00B2E64A;
			remoteInfo = HelloWorld;
		};
/* End PBXContainerItemProxy section */

/* Begin PBXFileReference section */
		3B39381A25010DAE00B2E64A /* HelloWorld.app */ = {isa = PBXFileReference; explicitFileType = wrapper.application; includeInIndex = 0; path = HelloWorld.app; sourceTree = BUILT_PRODUCTS_DIR; };
		3B39381D25010DAE00B2E64A /* AppDelegate.swift */ = {isa = PBXFileReference; lastKnownFileType = sourcecode.swift; path = AppDelegate.swift; sourceTree = "<group>"; };
		3B39381F25010DAE00B2E64A /* SceneDelegate.swift */ = {isa = PBXFileReference; lastKnownFileType = sourcecode.swift; path = SceneDelegate.swift; sourceTree = "<group>"; };
		3B39382125010DAE00B2E64A /* ViewController.swift */ = {isa = PBXFileReference; lastKnownFileType = sourcecode.swift; path = ViewController.swift; sourceTree = "<group>"; };
		3B39382425010DAE00B2E64A /* Base */ = {isa = PBXFileReference; lastKnownFileType = file.storyboard; name = Base; path = Base.lproj/Main.storyboard; sourceTree = "<group>"; };
		3B39382625010DAF00B2E64A /* Assets.xcassets */ = {isa = PBXFileReference; lastKnownFileType = folder.assetcatalog; path = Assets.xcassets; sourceTree = "<group>"; };
		3B39382925010DAF00B2E64A /* Base */ = {isa = PBXFileReference; lastKnownFileType = file.storyboard; name = Base; path = Base.lproj/LaunchScreen.storyboard; sourceTree = "<group>"; };
		3B39382B25010DAF00B2E64A /* Info.plist */ = {isa = PBXFileReference; lastKnownFileType = text.plist.xml; path = Info.plist; sourceTree = "<group>"; };
		3B39383025010DAF00B2E64A /* HelloWorldTests.xctest */ = {isa = PBXFileReference; explicitFileType = wrapper.cfbundle; includeInIndex = 0; path = HelloWorldTests.xctest; sourceTree = BUILT_PRODUCTS_DIR; };
		3B39383425010DAF00B2E64A /* HelloWorldTests.swift */ = {isa = PBXFileReference; lastKnownFileType = sourcecode.swift; path = HelloWorldTests.swift; sourceTree = "<group>"; };
		3B39383625010DAF00B2E64A /* Info.plist */ = {isa = PBXFileReference; lastKnownFileType = text.plist.xml; path = Info.plist; sourceTree = "<group>"; };
		3B39383B25010DAF00B2E64A /* HelloWorldUITests.xctest */ = {isa = PBXFileReference; explicitFileType = wrapper.cfbundle; includeInIndex = 0; path = HelloWorldUITests.xctest; sourceTree = BUILT_PRODUCTS_DIR; };
		3B39383F25010DAF00B2E64A /* HelloWorldUITests.swift */ = {isa = PBXFileReference; lastKnownFileType = sourcecode.swift; path = HelloWorldUITests.swift; sourceTree = "<group>"; };
		3B39384125010DAF00B2E64A /* Info.plist */ = {isa = PBXFileReference; lastKnownFileType = text.plist.xml; path = Info.plist; sourceTree = "<group>"; };
/* End PBXFileReference section */

/* Begin PBXFrameworksBuildPhase section */
		3B39381725010DAE00B2E64A /* Frameworks */ = {
			isa = PBXFrameworksBuildPhase;
			buildActionMask = 2147483647;
			files = (
			);
			runOnlyForDeploymentPostprocessing = 0;
		};
		3B39382D25010DAF00B2E64A /* Frameworks */ = {
			isa = PBXFrameworksBuildPhase;
			buildActionMask = 2147483647;
			files = (
			);
			runOnlyForDeploymentPostprocessing = 0;
		};
		3B39383825010DAF00B2E64A /* Frameworks */ = {
			isa = PBXFrameworksBuildPhase;
			buildActionMask = 2147483647;
			files = (
			);
			runOnlyForDeploymentPostprocessing = 0;
		};
/* End PBXFrameworksBuildPhase section */

/* Begin PBXGroup section */
		3B39381125010DAE00B2E64A = {
			isa = PBXGroup;
			children = (
				3B39381C25010DAE00B2E64A /* HelloWorld */,
				3B39383325010DAF00B2E64A /* HelloWorldTests */,
				3B39383E25010DAF00B2E64A /* HelloWorldUITests */,
				3B39381B25010DAE00B2E64A /* Products */,
			);
			sourceTree = "<group>";
		};
		3B39381B25010DAE00B2E64A /* Products */ = {
			isa = PBXGroup;
			children = (
				3B39381A25010DAE00B2E64A /* HelloWorld.app */,
				3B39383025010DAF00B2E64A /* HelloWorldTests.xctest */,
				3B39383B25010DAF00B2E64A /* HelloWorldUITests.xctest */,
			);
			name = Products;
			sourceTree = "<group>";
		};
		3B39381C25010DAE00B2E64A /* HelloWorld */ = {
			isa = PBXGroup;
			children = (
				3B39381D25010DAE00B2E64A /* AppDelegate.swift */,
				3B39381F25010DAE00B2E64A /* SceneDelegate.swift */,
				3B39382125010DAE00B2E64A /* ViewController.swift */,
				3B39382325010DAE00B2E64A /* Main.storyboard */,
				3B39382625010DAF00B2E64A /* Assets.xcassets */,
				3B39382825010DAF00B2E64A /* LaunchScreen.storyboard */,
				3B39382B25010DAF00B2E64A /* Info.plist */,
			);
			path = HelloWorld;
			sourceTree = "<group>";
		};
		3B39383325010DAF00B2E64A /* HelloWorldTests */ = {
			isa = PBXGroup;
			children = (
				3B39383425010DAF00B2E64A /* HelloWorldTests.swift */,
				3B39383625010DAF00B2E64A /* Info.plist */,
			);
			path = HelloWorldTests;
			sourceTree = "<group>";
		};
		3B39383E25010DAF00B2E64A /* HelloWorldUITests */ = {
			isa = PBXGroup;
			children = (
				3B39383F25010DAF00B2E64A /* HelloWorldUITests.swift */,
				3B39384125010DAF00B2E64A /* Info.plist */,
			);
			path = HelloWorldUITests;
			sourceTree = "<group>";
		};
/* End PBXGroup section */

/* Begin PBXNativeTarget section */
		3B39381925010DAE00B2E64A /* HelloWorld */ = {
			isa = PBXNativeTarget;
			buildConfigurationList = 3B39384425010DAF00B2E64A /* Build configuration list for PBXNativeTarget "HelloWorld" */;
			buildPhases = (
				3B39381625010DAE00B2E64A /* Sources */,
				3B39381725010DAE00B2E64A /* Frameworks */,
				3B39381825010DAE00B2E64A /* Resources */,
			);
			buildRules = (
			);
			dependencies = (
			);
			name = HelloWorld;
			productName = HelloWorld;
			productReference = 3B39381A25010DAE00B2E64A /* HelloWorld.app */;
			productType = "com.apple.product-type.application";
		};
		3B39382F25010DAF00B2E64A /* HelloWorldTests */ = {
			isa = PBXNativeTarget;
			buildConfigurationList = 3B39384725010DAF00B2E64A /* Build configuration list for PBXNativeTarget "HelloWorldTests" */;
			buildPhases = (
				3B39382C25010DAF00B2E64A /* Sources */,
				3B39382D25010DAF00B2E64A /* Frameworks */,
				3B39382E25010DAF00B2E64A /* Resources */,
			);
			buildRules = (
			);
			dependencies = (
				3B39383225010DAF00B2E64A /* PBXTargetDependency */,
			);
			name = HelloWorldTests;
			productName = HelloWorldTests;
			productReference = 3B39383025010DAF00B2E64A /* HelloWorldTests.xctest */;
			productType = "com.apple.product-type.bundle.unit-test";
		};
		3B39383A25010DAF00B2E64A /* HelloWorldUITests */ = {
			isa = PBXNativeTarget;
			buildConfigurationList = 3B39384A25010DAF00B2E64A /* Build configuration list for PBXNativeTarget "HelloWorldUITests" */;
			buildPhases = (
				3B39383725010DAF00B2E64A /* Sources */,
				3B39383825010DAF00B2E64A /* Frameworks */,
				3B39383925010DAF00B2E64A /* Resources */,
			);
			buildRules = (
			);
			dependencies = (
				3B39383D25010DAF00B2E64A /* PBXTargetDependency */,
			);
			name = HelloWorldUITests;
			productName = HelloWorldUITests;
			productReference = 3B39383B25010DAF00B2E64A /* HelloWorldUITests.xctest */;
			productType = "com.apple.product-type.bundle.ui-testing";
		};
/* End PBXNativeTarget section */

/* Begin PBXProject section */
		3B39381225010DAE00B2E64A /* Project object */ = {
			isa = PBXProject;
			attributes = {
				LastSwiftUpdateCheck = 1200;
				LastUpgradeCheck = 1200;
				TargetAttributes = {
					3B39381925010DAE00B2E64A = {
						CreatedOnToolsVersion = 12.0;
					};
					3B39382F25010DAF00B2E64A = {
						CreatedOnToolsVersion = 12.0;
						TestTargetID = 3B39381925010DAE00B2E64A;
					};
					3B39383A25010DAF00B2E64A = {
						CreatedOnToolsVersion = 12.0;
						TestTargetID = 3B39381925010DAE00B2E64A;
					};
				};
			};
			buildConfigurationList = 3B39381525010DAE00B2E64A /* Build configuration list for PBXProject "HelloWorld" */;
			compatibilityVersion = "Xcode 9.3";
			developmentRegion = en;
			hasScannedForEncodings = 0;
			knownRegions = (
				en,
				Base,
			);
			mainGroup = 3B39381125010DAE00B2E64A;
			productRefGroup = 3B39381B25010DAE00B2E64A /* Products */;
			projectDirPath = "";
			projectRoot = "";
			targets = (
				3B39381925010DAE00B2E64A /* HelloWorld */,
				3B39382F25010DAF00B2E64A /* HelloWorldTests */,
				3B39383A25010DAF00B2E64A /* HelloWorldUITests */,
			);
		};
/* End PBXProject section */

/* Begin PBXResourcesBuildPhase section */
		3B39381825010DAE00B2E64A /* Resources */ = {
			isa = PBXResourcesBuildPhase;
			buildActionMask = 2147483647;
			files = (
				3B39382A25010DAF00B2E64A /* LaunchScreen.storyboard in Resources */,
				3B39382725010DAF00B2E64A /* Assets.xcassets in Resources */,
				3B39382525010DAE00B2E64A /* Main.storyboard in Resources */,
			);
			runOnlyForDeploymentPostprocessing = 0;
		};
		3B39382E25010DAF00B2E64A /* Resources */ = {
			isa = PBXResourcesBuildPhase;
			buildActionMask = 2147483647;
			files = (
			);
			runOnlyForDeploymentPostprocessing = 0;
		};
		3B39383925010DAF00B2E64A /* Resources */ = {
			isa = PBXResourcesBuildPhase;
			buildActionMask = 2147483647;
			files = (
			);
			runOnlyForDeploymentPostprocessing = 0;
		};
/* End PBXResourcesBuildPhase section */

/* Begin PBXSourcesBuildPhase section */
		3B39381625010DAE00B2E64A /* Sources */ = {
			isa = PBXSourcesBuildPhase;
			buildActionMask = 2147483647;
			files = (
				3B39382225010DAE00B2E64A /* ViewController.swift in Sources */,
				3B39381E25010DAE00B2E64A /* AppDelegate.swift in Sources */,
				3B39382025010DAE00B2E64A /* SceneDelegate.swift in Sources */,
			);
			runOnlyForDeploymentPostprocessing = 0;
		};
		3B39382C25010DAF00B2E64A /* Sources */ = {
			isa = PBXSourcesBuildPhase;
			buildActionMask = 2147483647;
			files = (
				3B39383525010DAF00B2E64A /* HelloWorldTests.swift in Sources */,
			);
			runOnlyForDeploymentPostprocessing = 0;
		};
		3B39383725010DAF00B2E64A /* Sources */ = {
			isa = PBXSourcesBuildPhase;
			buildActionMask = 2147483647;
			files = (
				3B39384025010DAF00B2E64A /* HelloWorldUITests.swift in Sources */,
			);
			runOnlyForDeploymentPostprocessing = 0;
		};
/* End PBXSourcesBuildPhase section */

/* Begin PBXTargetDependency section */
		3B39383225010DAF00B2E64A /* PBXTargetDependency */ = {
			isa = PBXTargetDependency;
			target = 3B39381925010DAE00B2E64A /* HelloWorld */;
			targetProxy = 3B39383125010DAF00B2E64A /* PBXContainerItemProxy */;
		};
		3B39383D25010DAF00B2E64A /* PBXTargetDependency */ = {
			isa = PBXTargetDependency;
			target = 3B39381925010DAE00B2E64A /* HelloWorld */;
			targetProxy = 3B39383C25010DAF00B2E64A /* PBXContainerItemProxy */;
		};
/* End PBXTargetDependency section */

/* Begin PBXVariantGroup section */
		3B39382325010DAE00B2E64A /* Main.storyboard */ = {
			isa = PBXVariantGroup;
			children = (
				3B39382425010DAE00B2E64A /* Base */,
			);
			name = Main.storyboard;
			sourceTree = "<group>";
		};
		3B39382825010DAF00B2E64A /* LaunchScreen.storyboard */ = {
			isa = PBXVariantGroup;
			children = (
				3B39382925010DAF00B2E64A /* Base */,
			);
			name = LaunchScreen.storyboard;
			sourceTree = "<group>";
		};
/* End PBXVariantGroup section */

/* Begin XCBuildConfiguration section */
		3B39384225010DAF00B2E64A /* Debug */ = {
			isa = XCBuildConfiguration;
			buildSettings = {
				ALWAYS_SEARCH_USER_PATHS = NO;
				CLANG_ANALYZER_NONNULL = YES;
				CLANG_ANALYZER_NUMBER_OBJECT_CONVERSION = YES_AGGRESSIVE;
				CLANG_CXX_LANGUAGE_STANDARD = "gnu++14";
				CLANG_CXX_LIBRARY = "libc++";
				CLANG_ENABLE_MODULES = YES;
				CLANG_ENABLE_OBJC_ARC = YES;
				CLANG_ENABLE_OBJC_WEAK = YES;
				CLANG_WARN_BLOCK_CAPTURE_AUTORELEASING = YES;
				CLANG_WARN_BOOL_CONVERSION = YES;
				CLANG_WARN_COMMA = YES;
				CLANG_WARN_CONSTANT_CONVERSION = YES;
				CLANG_WARN_DEPRECATED_OBJC_IMPLEMENTATIONS = YES;
				CLANG_WARN_DIRECT_OBJC_ISA_USAGE = YES_ERROR;
				CLANG_WARN_DOCUMENTATION_COMMENTS = YES;
				CLANG_WARN_EMPTY_BODY = YES;
				CLANG_WARN_ENUM_CONVERSION = YES;
				CLANG_WARN_INFINITE_RECURSION = YES;
				CLANG_WARN_INT_CONVERSION = YES;
				CLANG_WARN_NON_LITERAL_NULL_CONVERSION = YES;
				CLANG_WARN_OBJC_IMPLICIT_RETAIN_SELF = YES;
				CLANG_WARN_OBJC_LITERAL_CONVERSION = YES;
				CLANG_WARN_OBJC_ROOT_CLASS = YES_ERROR;
				CLANG_WARN_QUOTED_INCLUDE_IN_FRAMEWORK_HEADER = YES;
				CLANG_WARN_RANGE_LOOP_ANALYSIS = YES;
				CLANG_WARN_STRICT_PROTOTYPES = YES;
				CLANG_WARN_SUSPICIOUS_MOVE = YES;
				CLANG_WARN_UNGUARDED_AVAILABILITY = YES_AGGRESSIVE;
				CLANG_WARN_UNREACHABLE_CODE = YES;
				CLANG_WARN__DUPLICATE_METHOD_MATCH = YES;
				COPY_PHASE_STRIP = NO;
				DEBUG_INFORMATION_FORMAT = dwarf;
				ENABLE_STRICT_OBJC_MSGSEND = YES;
				ENABLE_TESTABILITY = YES;
				GCC_C_LANGUAGE_STANDARD = gnu11;
				GCC_DYNAMIC_NO_PIC = NO;
				GCC_NO_COMMON_BLOCKS = YES;
				GCC_OPTIMIZATION_LEVEL = 0;
				GCC_PREPROCESSOR_DEFINITIONS = (
					"DEBUG=1",
					"$(inherited)",
				);
				GCC_WARN_64_TO_32_BIT_CONVERSION = YES;
				GCC_WARN_ABOUT_RETURN_TYPE = YES_ERROR;
				GCC_WARN_UNDECLARED_SELECTOR = YES;
				GCC_WARN_UNINITIALIZED_AUTOS = YES_AGGRESSIVE;
				GCC_WARN_UNUSED_FUNCTION = YES;
				GCC_WARN_UNUSED_VARIABLE = YES;
				IPHONEOS_DEPLOYMENT_TARGET = 14.0;
				MTL_ENABLE_DEBUG_INFO = INCLUDE_SOURCE;
				MTL_FAST_MATH = YES;
				ONLY_ACTIVE_ARCH = YES;
				SDKROOT = iphoneos;
				SWIFT_ACTIVE_COMPILATION_CONDITIONS = DEBUG;
				SWIFT_OPTIMIZATION_LEVEL = "-Onone";
			};
			name = Debug;
		};
		3B39384325010DAF00B2E64A /* Release */ = {
			isa = XCBuildConfiguration;
			buildSettings = {
				ALWAYS_SEARCH_USER_PATHS = NO;
				CLANG_ANALYZER_NONNULL = YES;
				CLANG_ANALYZER_NUMBER_OBJECT_CONVERSION = YES_AGGRESSIVE;
				CLANG_CXX_LANGUAGE_STANDARD = "gnu++14";
				CLANG_CXX_LIBRARY = "libc++";
				CLANG_ENABLE_MODULES = YES;
				CLANG_ENABLE_OBJC_ARC = YES;
				CLANG_ENABLE_OBJC_WEAK = YES;
				CLANG_WARN_BLOCK_CAPTURE_AUTORELEASING = YES;
				CLANG_WARN_BOOL_CONVERSION = YES;
				CLANG_WARN_COMMA = YES;
				CLANG_WARN_CONSTANT_CONVERSION = YES;
				CLANG_WARN_DEPRECATED_OBJC_IMPLEMENTATIONS = YES;
				CLANG_WARN_DIRECT_OBJC_ISA_USAGE = YES_ERROR;
				CLANG_WARN_DOCUMENTATION_COMMENTS = YES;
				CLANG_WARN_EMPTY_BODY = YES;
				CLANG_WARN_ENUM_CONVERSION = YES;
				CLANG_WARN_INFINITE_RECURSION = YES;
				CLANG_WARN_INT_CONVERSION = YES;
				CLANG_WARN_NON_LITERAL_NULL_CONVERSION = YES;
				CLANG_WARN_OBJC_IMPLICIT_RETAIN_SELF = YES;
				CLANG_WARN_OBJC_LITERAL_CONVERSION = YES;
				CLANG_WARN_OBJC_ROOT_CLASS = YES_ERROR;
				CLANG_WARN_QUOTED_INCLUDE_IN_FRAMEWORK_HEADER = YES;
				CLANG_WARN_RANGE_LOOP_ANALYSIS = YES;
				CLANG_WARN_STRICT_PROTOTYPES = YES;
				CLANG_WARN_SUSPICIOUS_MOVE = YES;
				CLANG_WARN_UNGUARDED_AVAILABILITY = YES_AGGRESSIVE;
				CLANG_WARN_UNREACHABLE_CODE = YES;
				CLANG_WARN__DUPLICATE_METHOD_MATCH = YES;
				COPY_PHASE_STRIP = NO;
				DEBUG_INFORMATION_FORMAT = "dwarf-with-dsym";
				ENABLE_NS_ASSERTIONS = NO;
				ENABLE_STRICT_OBJC_MSGSEND = YES;
				GCC_C_LANGUAGE_STANDARD = gnu11;
				GCC_NO_COMMON_BLOCKS = YES;
				GCC_WARN_64_TO_32_BIT_CONVERSION = YES;
				GCC_WARN_ABOUT_RETURN_TYPE = YES_ERROR;
				GCC_WARN_UNDECLARED_SELECTOR = YES;
				GCC_WARN_UNINITIALIZED_AUTOS = YES_AGGRESSIVE;
				GCC_WARN_UNUSED_FUNCTION = YES;
				GCC_WARN_UNUSED_VARIABLE = YES;
				IPHONEOS_DEPLOYMENT_TARGET = 14.0;
				MTL_ENABLE_DEBUG_INFO = NO;
				MTL_FAST_MATH = YES;
				SDKROOT = iphoneos;
				SWIFT_COMPILATION_MODE = wholemodule;
				SWIFT_OPTIMIZATION_LEVEL = "-O";
				VALIDATE_PRODUCT = YES;
			};
			name = Release;
		};
		3B39384525010DAF00B2E64A /* Debug */ = {
			isa = XCBuildConfiguration;
			buildSettings = {
				ASSETCATALOG_COMPILER_APPICON_NAME = AppIcon;
				ASSETCATALOG_COMPILER_GLOBAL_ACCENT_COLOR_NAME = AccentColor;
				CODE_SIGN_STYLE = Automatic;
				DEVELOPMENT_TEAM = K68T34XSW2;
				INFOPLIST_FILE = HelloWorld/Info.plist;
				LD_RUNPATH_SEARCH_PATHS = (
					"$(inherited)",
					"@executable_path/Frameworks",
				);
				PRODUCT_BUNDLE_IDENTIFIER = me.parkkw09.HelloWorld;
				PRODUCT_NAME = "$(TARGET_NAME)";
				SWIFT_VERSION = 5.0;
				TARGETED_DEVICE_FAMILY = "1,2";
			};
			name = Debug;
		};
		3B39384625010DAF00B2E64A /* Release */ = {
			isa = XCBuildConfiguration;
			buildSettings = {
				ASSETCATALOG_COMPILER_APPICON_NAME = AppIcon;
				ASSETCATALOG_COMPILER_GLOBAL_ACCENT_COLOR_NAME = AccentColor;
				CODE_SIGN_STYLE = Automatic;
				DEVELOPMENT_TEAM = K68T34XSW2;
				INFOPLIST_FILE = HelloWorld/Info.plist;
				LD_RUNPATH_SEARCH_PATHS = (
					"$(inherited)",
					"@executable_path/Frameworks",
				);
				PRODUCT_BUNDLE_IDENTIFIER = me.parkkw09.HelloWorld;
				PRODUCT_NAME = "$(TARGET_NAME)";
				SWIFT_VERSION = 5.0;
				TARGETED_DEVICE_FAMILY = "1,2";
			};
			name = Release;
		};
		3B39384825010DAF00B2E64A /* Debug */ = {
			isa = XCBuildConfiguration;
			buildSettings = {
				ALWAYS_EMBED_SWIFT_STANDARD_LIBRARIES = YES;
				BUNDLE_LOADER = "$(TEST_HOST)";
				CODE_SIGN_STYLE = Automatic;
				DEVELOPMENT_TEAM = K68T34XSW2;
				INFOPLIST_FILE = HelloWorldTests/Info.plist;
				IPHONEOS_DEPLOYMENT_TARGET = 14.0;
				LD_RUNPATH_SEARCH_PATHS = (
					"$(inherited)",
					"@executable_path/Frameworks",
					"@loader_path/Frameworks",
				);
				PRODUCT_BUNDLE_IDENTIFIER = me.parkkw09.HelloWorldTests;
				PRODUCT_NAME = "$(TARGET_NAME)";
				SWIFT_VERSION = 5.0;
				TARGETED_DEVICE_FAMILY = "1,2";
				TEST_HOST = "$(BUILT_PRODUCTS_DIR)/HelloWorld.app/HelloWorld";
			};
			name = Debug;
		};
		3B39384925010DAF00B2E64A /* Release */ = {
			isa = XCBuildConfiguration;
			buildSettings = {
				ALWAYS_EMBED_SWIFT_STANDARD_LIBRARIES = YES;
				BUNDLE_LOADER = "$(TEST_HOST)";
				CODE_SIGN_STYLE = Automatic;
				DEVELOPMENT_TEAM = K68T34XSW2;
				INFOPLIST_FILE = HelloWorldTests/Info.plist;
				IPHONEOS_DEPLOYMENT_TARGET = 14.0;
				LD_RUNPATH_SEARCH_PATHS = (
					"$(inherited)",
					"@executable_path/Frameworks",
					"@loader_path/Frameworks",
				);
				PRODUCT_BUNDLE_IDENTIFIER = me.parkkw09.HelloWorldTests;
				PRODUCT_NAME = "$(TARGET_NAME)";
				SWIFT_VERSION = 5.0;
				TARGETED_DEVICE_FAMILY = "1,2";
				TEST_HOST = "$(BUILT_PRODUCTS_DIR)/HelloWorld.app/HelloWorld";
			};
			name = Release;
		};
		3B39384B25010DAF00B2E64A /* Debug */ = {
			isa = XCBuildConfiguration;
			buildSettings = {
				ALWAYS_EMBED_SWIFT_STANDARD_LIBRARIES = YES;
				CODE_SIGN_STYLE = Automatic;
				DEVELOPMENT_TEAM = K68T34XSW2;
				INFOPLIST_FILE = HelloWorldUITests/Info.plist;
				LD_RUNPATH_SEARCH_PATHS = (
					"$(inherited)",
					"@executable_path/Frameworks",
					"@loader_path/Frameworks",
				);
				PRODUCT_BUNDLE_IDENTIFIER = me.parkkw09.HelloWorldUITests;
				PRODUCT_NAME = "$(TARGET_NAME)";
				SWIFT_VERSION = 5.0;
				TARGETED_DEVICE_FAMILY = "1,2";
				TEST_TARGET_NAME = HelloWorld;
			};
			name = Debug;
		};
		3B39384C25010DAF00B2E64A /* Release */ = {
			isa = XCBuildConfiguration;
			buildSettings = {
				ALWAYS_EMBED_SWIFT_STANDARD_LIBRARIES = YES;
				CODE_SIGN_STYLE = Automatic;
				DEVELOPMENT_TEAM = K68T34XSW2;
				INFOPLIST_FILE = HelloWorldUITests/Info.plist;
				LD_RUNPATH_SEARCH_PATHS = (
					"$(inherited)",
					"@executable_path/Frameworks",
					"@loader_path/Frameworks",
				);
				PRODUCT_BUNDLE_IDENTIFIER = me.parkkw09.HelloWorldUITests;
				PRODUCT_NAME = "$(TARGET_NAME)";
				SWIFT_VERSION = 5.0;
				TARGETED_DEVICE_FAMILY = "1,2";
				TEST_TARGET_NAME = HelloWorld;
			};
			name = Release;
		};
/* End XCBuildConfiguration section */

/* Begin XCConfigurationList section */
		3B39381525010DAE00B2E64A /* Build configuration list for PBXProject "HelloWorld" */ = {
			isa = XCConfigurationList;
			buildConfigurations = (
				3B39384225010DAF00B2E64A /* Debug */,
				3B39384325010DAF00B2E64A /* Release */,
			);
			defaultConfigurationIsVisible = 0;
			defaultConfigurationName = Release;
		};
		3B39384425010DAF00B2E64A /* Build configuration list for PBXNativeTarget "HelloWorld" */ = {
			isa = XCConfigurationList;
			buildConfigurations = (
				3B39384525010DAF00B2E64A /* Debug */,
				3B39384625010DAF00B2E64A /* Release */,
			);
			defaultConfigurationIsVisible = 0;
			defaultConfigurationName = Release;
		};
		3B39384725010DAF00B2E64A /* Build configuration list for PBXNativeTarget "HelloWorldTests" */ = {
			isa = XCConfigurationList;
			buildConfigurations = (
				3B39384825010DAF00B2E64A /* Debug */,
				3B39384925010DAF00B2E64A /* Release */,
			);
			defaultConfigurationIsVisible = 0;
			defaultConfigurationName = Release;
		};
		3B39384A25010DAF00B2E64A /* Build configuration list for PBXNativeTarget "HelloWorldUITests" */ = {
			isa = XCConfigurationList;
			buildConfigurations = (
				3B39384B25010DAF00B2E64A /* Debug */,
				3B39384C25010DAF00B2E64A /* Release */,
			);
			defaultConfigurationIsVisible = 0;
			defaultConfigurationName = Release;
		};
/* End XCConfigurationList section */
	};
	rootObject = 3B39381225010DAE00B2E64A /* Project object */;
}
